{
  "name": "ngx-range",
  "version": "0.0.1",
  "lockfileVersion": 1,
  "requires": true,
  "dependencies": {
    "@angular/material": {
      "version": "11.1.2",
      "resolved": "https://registry.npmjs.org/@angular/material/-/material-11.1.2.tgz",
      "integrity": "sha512-Fyjk6LUrJ+mJmRMrnM2L4Q9pijuhLa8q1G50mUYa81OJPWnhMRlzoM2dDHpS/ibIARpBc3QA8PmF3hUgyLxgMg==",
      "requires": {
        "tslib": "^2.0.0"
      },
      "dependencies": {
        "tslib": {
          "version": "2.1.0",
          "resolved": "https://registry.npmjs.org/tslib/-/tslib-2.1.0.tgz",
          "integrity": "sha512-hcVC3wYEziELGGmEEXue7D75zbwIIVUMWAVbHItGPx0ziyXxrOMQx4rQEVEV45Ut/1IotuEvwqPopzIOkDMf0A=="
        }
      }
    }
  }
}
